
Microsoft Visual Studio Solution File, Format Version 12.00
# Visual Studio Version 16
VisualStudioVersion = 16.0.30717.126
MinimumVisualStudioVersion = 10.0.40219.1
Project("{FAE04EC0-301F-11D3-BF4B-00C04F79EFBC}") = "Tatakosan", "Tatakosan\Tatakosan.csproj", "{37A5E396-BB4A-4B5C-BA85-2CC98B4BA161}"
EndProject
Global
	GlobalSection(SolutionConfigurationPlatforms) = preSolution
		Debug|Any CPU = Debug|Any CPU
		Release|Any CPU = Release|Any CPU
	EndGlobalSection
	GlobalSection(ProjectConfigurationPlatforms) = postSolution
		{37A5E396-BB4A-4B5C-BA85-2CC98B4BA161}.Debug|Any CPU.ActiveCfg = Debug|Any CPU
		{37A5E396-BB4A-4B5C-BA85-2CC98B4BA161}.Debug|Any CPU.Build.0 = Debug|Any CPU
		{37A5E396-BB4A-4B5C-BA85-2CC98B4BA161}.Release|Any CPU.ActiveCfg = Release|Any CPU
		{37A5E396-BB4A-4B5C-BA85-2CC98B4BA161}.Release|Any CPU.Build.0 = Release|Any CPU
	EndGlobalSection
	GlobalSection(SolutionProperties) = preSolution
		HideSolutionNode = FALSE
	EndGlobalSection
	GlobalSection(ExtensibilityGlobals) = postSolution
		SolutionGuid = {478EDED1-B691-4C1A-B867-61CF7610C390}
	EndGlobalSection
EndGlobal
